// !$*UTF8*$!
{
	archiveVersion = 1;
	classes = {
	};
	objectVersion = 46;
	objects = {

/* Begin PBXBuildFile section */
		CA8E9E60208778C20078460E /* AppDelegate.swift in Sources */ = {isa = PBXBuildFile; fileRef = CA8E9E5F208778C20078460E /* AppDelegate.swift */; };
		CA8E9E62208778C20078460E /* ViewController.swift in Sources */ = {isa = PBXBuildFile; fileRef = CA8E9E61208778C20078460E /* ViewController.swift */; };
		CA8E9E65208778C20078460E /* Main.storyboard in Resources */ = {isa = PBXBuildFile; fileRef = CA8E9E63208778C20078460E /* Main.storyboard */; };
		CA8E9E67208778C20078460E /* Assets.xcassets in Resources */ = {isa = PBXBuildFile; fileRef = CA8E9E66208778C20078460E /* Assets.xcassets */; };
		CA8E9E6A208778C20078460E /* LaunchScreen.storyboard in Resources */ = {isa = PBXBuildFile; fileRef = CA8E9E68208778C20078460E /* LaunchScreen.storyboard */; };
		CA8E9E75208778C20078460E /* MCGameTests.swift in Sources */ = {isa = PBXBuildFile; fileRef = CA8E9E74208778C20078460E /* MCGameTests.swift */; };
		CA8E9E80208778C20078460E /* MCGameUITests.swift in Sources */ = {isa = PBXBuildFile; fileRef = CA8E9E7F208778C20078460E /* MCGameUITests.swift */; };
/* End PBXBuildFile section */

/* Begin PBXContainerItemProxy section */
		CA8E9E71208778C20078460E /* PBXContainerItemProxy */ = {
			isa = PBXContainerItemProxy;
			containerPortal = CA8E9E54208778C10078460E /* Project object */;
			proxyType = 1;
			remoteGlobalIDString = CA8E9E5B208778C20078460E;
			remoteInfo = MCGame;
		};
		CA8E9E7C208778C20078460E /* PBXContainerItemProxy */ = {
			isa = PBXContainerItemProxy;
			containerPortal = CA8E9E54208778C10078460E /* Project object */;
			proxyType = 1;
			remoteGlobalIDString = CA8E9E5B208778C20078460E;
			remoteInfo = MCGame;
		};
/* End PBXContainerItemProxy section */

/* Begin PBXFileReference section */
		CA8E9E5C208778C20078460E /* MCGame.app */ = {isa = PBXFileReference; explicitFileType = wrapper.application; includeInIndex = 0; path = MCGame.app; sourceTree = BUILT_PRODUCTS_DIR; };
		CA8E9E5F208778C20078460E /* AppDelegate.swift */ = {isa = PBXFileReference; lastKnownFileType = sourcecode.swift; path = AppDelegate.swift; sourceTree = "<group>"; };
		CA8E9E61208778C20078460E /* ViewController.swift */ = {isa = PBXFileReference; lastKnownFileType = sourcecode.swift; path = ViewController.swift; sourceTree = "<group>"; };
		CA8E9E64208778C20078460E /* Base */ = {isa = PBXFileReference; lastKnownFileType = file.storyboard; name = Base; path = Base.lproj/Main.storyboard; sourceTree = "<group>"; };
		CA8E9E66208778C20078460E /* Assets.xcassets */ = {isa = PBXFileReference; lastKnownFileType = folder.assetcatalog; path = Assets.xcassets; sourceTree = "<group>"; };
		CA8E9E69208778C20078460E /* Base */ = {isa = PBXFileReference; lastKnownFileType = file.storyboard; name = Base; path = Base.lproj/LaunchScreen.storyboard; sourceTree = "<group>"; };
		CA8E9E6B208778C20078460E /* Info.plist */ = {isa = PBXFileReference; lastKnownFileType = text.plist.xml; path = Info.plist; sourceTree = "<group>"; };
		CA8E9E70208778C20078460E /* MCGameTests.xctest */ = {isa = PBXFileReference; explicitFileType = wrapper.cfbundle; includeInIndex = 0; path = MCGameTests.xctest; sourceTree = BUILT_PRODUCTS_DIR; };
		CA8E9E74208778C20078460E /* MCGameTests.swift */ = {isa = PBXFileReference; lastKnownFileType = sourcecode.swift; path = MCGameTests.swift; sourceTree = "<group>"; };
		CA8E9E76208778C20078460E /* Info.plist */ = {isa = PBXFileReference; lastKnownFileType = text.plist.xml; path = Info.plist; sourceTree = "<group>"; };
		CA8E9E7B208778C20078460E /* MCGameUITests.xctest */ = {isa = PBXFileReference; explicitFileType = wrapper.cfbundle; includeInIndex = 0; path = MCGameUITests.xctest; sourceTree = BUILT_PRODUCTS_DIR; };
		CA8E9E7F208778C20078460E /* MCGameUITests.swift */ = {isa = PBXFileReference; lastKnownFileType = sourcecode.swift; path = MCGameUITests.swift; sourceTree = "<group>"; };
		CA8E9E81208778C20078460E /* Info.plist */ = {isa = PBXFileReference; lastKnownFileType = text.plist.xml; path = Info.plist; sourceTree = "<group>"; };
/* End PBXFileReference section */

/* Begin PBXFrameworksBuildPhase section */
		CA8E9E59208778C20078460E /* Frameworks */ = {
			isa = PBXFrameworksBuildPhase;
			buildActionMask = 2147483647;
			files = (
			);
			runOnlyForDeploymentPostprocessing = 0;
		};
		CA8E9E6D208778C20078460E /* Frameworks */ = {
			isa = PBXFrameworksBuildPhase;
			buildActionMask = 2147483647;
			files = (
			);
			runOnlyForDeploymentPostprocessing = 0;
		};
		CA8E9E78208778C20078460E /* Frameworks */ = {
			isa = PBXFrameworksBuildPhase;
			buildActionMask = 2147483647;
			files = (
			);
			runOnlyForDeploymentPostprocessing = 0;
		};
/* End PBXFrameworksBuildPhase section */

/* Begin PBXGroup section */
		CA8E9E53208778C10078460E = {
			isa = PBXGroup;
			children = (
				CA8E9E5E208778C20078460E /* MCGame */,
				CA8E9E73208778C20078460E /* MCGameTests */,
				CA8E9E7E208778C20078460E /* MCGameUITests */,
				CA8E9E5D208778C20078460E /* Products */,
			);
			sourceTree = "<group>";
		};
		CA8E9E5D208778C20078460E /* Products */ = {
			isa = PBXGroup;
			children = (
				CA8E9E5C208778C20078460E /* MCGame.app */,
				CA8E9E70208778C20078460E /* MCGameTests.xctest */,
				CA8E9E7B208778C20078460E /* MCGameUITests.xctest */,
			);
			name = Products;
			sourceTree = "<group>";
		};
		CA8E9E5E208778C20078460E /* MCGame */ = {
			isa = PBXGroup;
			children = (
				CA8E9E5F208778C20078460E /* AppDelegate.swift */,
				CA8E9E61208778C20078460E /* ViewController.swift */,
				CA8E9E63208778C20078460E /* Main.storyboard */,
				CA8E9E66208778C20078460E /* Assets.xcassets */,
				CA8E9E68208778C20078460E /* LaunchScreen.storyboard */,
				CA8E9E6B208778C20078460E /* Info.plist */,
			);
			path = MCGame;
			sourceTree = "<group>";
		};
		CA8E9E73208778C20078460E /* MCGameTests */ = {
			isa = PBXGroup;
			children = (
				CA8E9E74208778C20078460E /* MCGameTests.swift */,
				CA8E9E76208778C20078460E /* Info.plist */,
			);
			path = MCGameTests;
			sourceTree = "<group>";
		};
		CA8E9E7E208778C20078460E /* MCGameUITests */ = {
			isa = PBXGroup;
			children = (
				CA8E9E7F208778C20078460E /* MCGameUITests.swift */,
				CA8E9E81208778C20078460E /* Info.plist */,
			);
			path = MCGameUITests;
			sourceTree = "<group>";
		};
/* End PBXGroup section */

/* Begin PBXNativeTarget section */
		CA8E9E5B208778C20078460E /* MCGame */ = {
			isa = PBXNativeTarget;
			buildConfigurationList = CA8E9E84208778C20078460E /* Build configuration list for PBXNativeTarget "MCGame" */;
			buildPhases = (
				CA8E9E58208778C20078460E /* Sources */,
				CA8E9E59208778C20078460E /* Frameworks */,
				CA8E9E5A208778C20078460E /* Resources */,
			);
			buildRules = (
			);
			dependencies = (
			);
			name = MCGame;
			productName = MCGame;
			productReference = CA8E9E5C208778C20078460E /* MCGame.app */;
			productType = "com.apple.product-type.application";
		};
		CA8E9E6F208778C20078460E /* MCGameTests */ = {
			isa = PBXNativeTarget;
			buildConfigurationList = CA8E9E87208778C20078460E /* Build configuration list for PBXNativeTarget "MCGameTests" */;
			buildPhases = (
				CA8E9E6C208778C20078460E /* Sources */,
				CA8E9E6D208778C20078460E /* Frameworks */,
				CA8E9E6E208778C20078460E /* Resources */,
			);
			buildRules = (
			);
			dependencies = (
				CA8E9E72208778C20078460E /* PBXTargetDependency */,
			);
			name = MCGameTests;
			productName = MCGameTests;
			productReference = CA8E9E70208778C20078460E /* MCGameTests.xctest */;
			productType = "com.apple.product-type.bundle.unit-test";
		};
		CA8E9E7A208778C20078460E /* MCGameUITests */ = {
			isa = PBXNativeTarget;
			buildConfigurationList = CA8E9E8A208778C20078460E /* Build configuration list for PBXNativeTarget "MCGameUITests" */;
			buildPhases = (
				CA8E9E77208778C20078460E /* Sources */,
				CA8E9E78208778C20078460E /* Frameworks */,
				CA8E9E79208778C20078460E /* Resources */,
			);
			buildRules = (
			);
			dependencies = (
				CA8E9E7D208778C20078460E /* PBXTargetDependency */,
			);
			name = MCGameUITests;
			productName = MCGameUITests;
			productReference = CA8E9E7B208778C20078460E /* MCGameUITests.xctest */;
			productType = "com.apple.product-type.bundle.ui-testing";
		};
/* End PBXNativeTarget section */

/* Begin PBXProject section */
		CA8E9E54208778C10078460E /* Project object */ = {
			isa = PBXProject;
			attributes = {
				LastSwiftUpdateCheck = 0830;
				LastUpgradeCheck = 0830;
				ORGANIZATIONNAME = "Martynas L";
				TargetAttributes = {
					CA8E9E5B208778C20078460E = {
						CreatedOnToolsVersion = 8.3.3;
						ProvisioningStyle = Automatic;
					};
					CA8E9E6F208778C20078460E = {
						CreatedOnToolsVersion = 8.3.3;
						ProvisioningStyle = Automatic;
						TestTargetID = CA8E9E5B208778C20078460E;
					};
					CA8E9E7A208778C20078460E = {
						CreatedOnToolsVersion = 8.3.3;
						ProvisioningStyle = Automatic;
						TestTargetID = CA8E9E5B208778C20078460E;
					};
				};
			};
			buildConfigurationList = CA8E9E57208778C10078460E /* Build configuration list for PBXProject "MCGame" */;
			compatibilityVersion = "Xcode 3.2";
			developmentRegion = English;
			hasScannedForEncodings = 0;
			knownRegions = (
				en,
				Base,
			);
			mainGroup = CA8E9E53208778C10078460E;
			productRefGroup = CA8E9E5D208778C20078460E /* Products */;
			projectDirPath = "";
			projectRoot = "";
			targets = (
				CA8E9E5B208778C20078460E /* MCGame */,
				CA8E9E6F208778C20078460E /* MCGameTests */,
				CA8E9E7A208778C20078460E /* MCGameUITests */,
			);
		};
/* End PBXProject section */

/* Begin PBXResourcesBuildPhase section */
		CA8E9E5A208778C20078460E /* Resources */ = {
			isa = PBXResourcesBuildPhase;
			buildActionMask = 2147483647;
			files = (
				CA8E9E6A208778C20078460E /* LaunchScreen.storyboard in Resources */,
				CA8E9E67208778C20078460E /* Assets.xcassets in Resources */,
				CA8E9E65208778C20078460E /* Main.storyboard in Resources */,
			);
			runOnlyForDeploymentPostprocessing = 0;
		};
		CA8E9E6E208778C20078460E /* Resources */ = {
			isa = PBXResourcesBuildPhase;
			buildActionMask = 2147483647;
			files = (
			);
			runOnlyForDeploymentPostprocessing = 0;
		};
		CA8E9E79208778C20078460E /* Resources */ = {
			isa = PBXResourcesBuildPhase;
			buildActionMask = 2147483647;
			files = (
			);
			runOnlyForDeploymentPostprocessing = 0;
		};
/* End PBXResourcesBuildPhase section */

/* Begin PBXSourcesBuildPhase section */
		CA8E9E58208778C20078460E /* Sources */ = {
			isa = PBXSourcesBuildPhase;
			buildActionMask = 2147483647;
			files = (
				CA8E9E62208778C20078460E /* ViewController.swift in Sources */,
				CA8E9E60208778C20078460E /* AppDelegate.swift in Sources */,
			);
			runOnlyForDeploymentPostprocessing = 0;
		};
		CA8E9E6C208778C20078460E /* Sources */ = {
			isa = PBXSourcesBuildPhase;
			buildActionMask = 2147483647;
			files = (
				CA8E9E75208778C20078460E /* MCGameTests.swift in Sources */,
			);
			runOnlyForDeploymentPostprocessing = 0;
		};
		CA8E9E77208778C20078460E /* Sources */ = {
			isa = PBXSourcesBuildPhase;
			buildActionMask = 2147483647;
			files = (
				CA8E9E80208778C20078460E /* MCGameUITests.swift in Sources */,
			);
			runOnlyForDeploymentPostprocessing = 0;
		};
/* End PBXSourcesBuildPhase section */

/* Begin PBXTargetDependency section */
		CA8E9E72208778C20078460E /* PBXTargetDependency */ = {
			isa = PBXTargetDependency;
			target = CA8E9E5B208778C20078460E /* MCGame */;
			targetProxy = CA8E9E71208778C20078460E /* PBXContainerItemProxy */;
		};
		CA8E9E7D208778C20078460E /* PBXTargetDependency */ = {
			isa = PBXTargetDependency;
			target = CA8E9E5B208778C20078460E /* MCGame */;
			targetProxy = CA8E9E7C208778C20078460E /* PBXContainerItemProxy */;
		};
/* End PBXTargetDependency section */

/* Begin PBXVariantGroup section */
		CA8E9E63208778C20078460E /* Main.storyboard */ = {
			isa = PBXVariantGroup;
			children = (
				CA8E9E64208778C20078460E /* Base */,
			);
			name = Main.storyboard;
			sourceTree = "<group>";
		};
		CA8E9E68208778C20078460E /* LaunchScreen.storyboard */ = {
			isa = PBXVariantGroup;
			children = (
				CA8E9E69208778C20078460E /* Base */,
			);
			name = LaunchScreen.storyboard;
			sourceTree = "<group>";
		};
/* End PBXVariantGroup section */

/* Begin XCBuildConfiguration section */
		CA8E9E82208778C20078460E /* Debug */ = {
			isa = XCBuildConfiguration;
			buildSettings = {
				ALWAYS_SEARCH_USER_PATHS = NO;
				CLANG_ANALYZER_NONNULL = YES;
				CLANG_ANALYZER_NUMBER_OBJECT_CONVERSION = YES_AGGRESSIVE;
				CLANG_CXX_LANGUAGE_STANDARD = "gnu++0x";
				CLANG_CXX_LIBRARY = "libc++";
				CLANG_ENABLE_MODULES = YES;
				CLANG_ENABLE_OBJC_ARC = YES;
				CLANG_WARN_BOOL_CONVERSION = YES;
				CLANG_WARN_CONSTANT_CONVERSION = YES;
				CLANG_WARN_DIRECT_OBJC_ISA_USAGE = YES_ERROR;
				CLANG_WARN_DOCUMENTATION_COMMENTS = YES;
				CLANG_WARN_EMPTY_BODY = YES;
				CLANG_WARN_ENUM_CONVERSION = YES;
				CLANG_WARN_INFINITE_RECURSION = YES;
				CLANG_WARN_INT_CONVERSION = YES;
				CLANG_WARN_OBJC_ROOT_CLASS = YES_ERROR;
				CLANG_WARN_SUSPICIOUS_MOVE = YES;
				CLANG_WARN_UNREACHABLE_CODE = YES;
				CLANG_WARN__DUPLICATE_METHOD_MATCH = YES;
				"CODE_SIGN_IDENTITY[sdk=iphoneos*]" = "iPhone Developer";
				COPY_PHASE_STRIP = NO;
				DEBUG_INFORMATION_FORMAT = dwarf;
				ENABLE_STRICT_OBJC_MSGSEND = YES;
				ENABLE_TESTABILITY = YES;
				GCC_C_LANGUAGE_STANDARD = gnu99;
				GCC_DYNAMIC_NO_PIC = NO;
				GCC_NO_COMMON_BLOCKS = YES;
				GCC_OPTIMIZATION_LEVEL = 0;
				GCC_PREPROCESSOR_DEFINITIONS = (
					"DEBUG=1",
					"$(inherited)",
				);
				GCC_WARN_64_TO_32_BIT_CONVERSION = YES;
				GCC_WARN_ABOUT_RETURN_TYPE = YES_ERROR;
				GCC_WARN_UNDECLARED_SELECTOR = YES;
				GCC_WARN_UNINITIALIZED_AUTOS = YES_AGGRESSIVE;
				GCC_WARN_UNUSED_FUNCTION = YES;
				GCC_WARN_UNUSED_VARIABLE = YES;
				IPHONEOS_DEPLOYMENT_TARGET = 10.3;
				MTL_ENABLE_DEBUG_INFO = YES;
				ONLY_ACTIVE_ARCH = YES;
				SDKROOT = iphoneos;
				SWIFT_ACTIVE_COMPILATION_CONDITIONS = DEBUG;
				SWIFT_OPTIMIZATION_LEVEL = "-Onone";
				TARGETED_DEVICE_FAMILY = "1,2";
			};
			name = Debug;
		};
		CA8E9E83208778C20078460E /* Release */ = {
			isa = XCBuildConfiguration;
			buildSettings = {
				ALWAYS_SEARCH_USER_PATHS = NO;
				CLANG_ANALYZER_NONNULL = YES;
				CLANG_ANALYZER_NUMBER_OBJECT_CONVERSION = YES_AGGRESSIVE;
				CLANG_CXX_LANGUAGE_STANDARD = "gnu++0x";
				CLANG_CXX_LIBRARY = "libc++";
				CLANG_ENABLE_MODULES = YES;
				CLANG_ENABLE_OBJC_ARC = YES;
				CLANG_WARN_BOOL_CONVERSION = YES;
				CLANG_WARN_CONSTANT_CONVERSION = YES;
				CLANG_WARN_DIRECT_OBJC_ISA_USAGE = YES_ERROR;
				CLANG_WARN_DOCUMENTATION_COMMENTS = YES;
				CLANG_WARN_EMPTY_BODY = YES;
				CLANG_WARN_ENUM_CONVERSION = YES;
				CLANG_WARN_INFINITE_RECURSION = YES;
				CLANG_WARN_INT_CONVERSION = YES;
				CLANG_WARN_OBJC_ROOT_CLASS = YES_ERROR;
				CLANG_WARN_SUSPICIOUS_MOVE = YES;
				CLANG_WARN_UNREACHABLE_CODE = YES;
				CLANG_WARN__DUPLICATE_METHOD_MATCH = YES;
				"CODE_SIGN_IDENTITY[sdk=iphoneos*]" = "iPhone Developer";
				COPY_PHASE_STRIP = NO;
				DEBUG_INFORMATION_FORMAT = "dwarf-with-dsym";
				ENABLE_NS_ASSERTIONS = NO;
				ENABLE_STRICT_OBJC_MSGSEND = YES;
				GCC_C_LANGUAGE_STANDARD = gnu99;
				GCC_NO_COMMON_BLOCKS = YES;
				GCC_WARN_64_TO_32_BIT_CONVERSION = YES;
				GCC_WARN_ABOUT_RETURN_TYPE = YES_ERROR;
				GCC_WARN_UNDECLARED_SELECTOR = YES;
				GCC_WARN_UNINITIALIZED_AUTOS = YES_AGGRESSIVE;
				GCC_WARN_UNUSED_FUNCTION = YES;
				GCC_WARN_UNUSED_VARIABLE = YES;
				IPHONEOS_DEPLOYMENT_TARGET = 10.3;
				MTL_ENABLE_DEBUG_INFO = NO;
				SDKROOT = iphoneos;
				SWIFT_OPTIMIZATION_LEVEL = "-Owholemodule";
				TARGETED_DEVICE_FAMILY = "1,2";
				VALIDATE_PRODUCT = YES;
			};
			name = Release;
		};
		CA8E9E85208778C20078460E /* Debug */ = {
			isa = XCBuildConfiguration;
			buildSettings = {
				ASSETCATALOG_COMPILER_APPICON_NAME = AppIcon;
				INFOPLIST_FILE = MCGame/Info.plist;
				LD_RUNPATH_SEARCH_PATHS = "$(inherited) @executable_path/Frameworks";
				PRODUCT_BUNDLE_IDENTIFIER = Herts.MCGame;
				PRODUCT_NAME = "$(TARGET_NAME)";
				SWIFT_VERSION = 3.0;
			};
			name = Debug;
		};
		CA8E9E86208778C20078460E /* Release */ = {
			isa = XCBuildConfiguration;
			buildSettings = {
				ASSETCATALOG_COMPILER_APPICON_NAME = AppIcon;
				INFOPLIST_FILE = MCGame/Info.plist;
				LD_RUNPATH_SEARCH_PATHS = "$(inherited) @executable_path/Frameworks";
				PRODUCT_BUNDLE_IDENTIFIER = Herts.MCGame;
				PRODUCT_NAME = "$(TARGET_NAME)";
				SWIFT_VERSION = 3.0;
			};
			name = Release;
		};
		CA8E9E88208778C20078460E /* Debug */ = {
			isa = XCBuildConfiguration;
			buildSettings = {
				ALWAYS_EMBED_SWIFT_STANDARD_LIBRARIES = YES;
				BUNDLE_LOADER = "$(TEST_HOST)";
				INFOPLIST_FILE = MCGameTests/Info.plist;
				LD_RUNPATH_SEARCH_PATHS = "$(inherited) @executable_path/Frameworks @loader_path/Frameworks";
				PRODUCT_BUNDLE_IDENTIFIER = Herts.MCGameTests;
				PRODUCT_NAME = "$(TARGET_NAME)";
				SWIFT_VERSION = 3.0;
				TEST_HOST = "$(BUILT_PRODUCTS_DIR)/MCGame.app/MCGame";
			};
			name = Debug;
		};
		CA8E9E89208778C20078460E /* Release */ = {
			isa = XCBuildConfiguration;
			buildSettings = {
				ALWAYS_EMBED_SWIFT_STANDARD_LIBRARIES = YES;
				BUNDLE_LOADER = "$(TEST_HOST)";
				INFOPLIST_FILE = MCGameTests/Info.plist;
				LD_RUNPATH_SEARCH_PATHS = "$(inherited) @executable_path/Frameworks @loader_path/Frameworks";
				PRODUCT_BUNDLE_IDENTIFIER = Herts.MCGameTests;
				PRODUCT_NAME = "$(TARGET_NAME)";
				SWIFT_VERSION = 3.0;
				TEST_HOST = "$(BUILT_PRODUCTS_DIR)/MCGame.app/MCGame";
			};
			name = Release;
		};
		CA8E9E8B208778C20078460E /* Debug */ = {
			isa = XCBuildConfiguration;
			buildSettings = {
				ALWAYS_EMBED_SWIFT_STANDARD_LIBRARIES = YES;
				INFOPLIST_FILE = MCGameUITests/Info.plist;
				LD_RUNPATH_SEARCH_PATHS = "$(inherited) @executable_path/Frameworks @loader_path/Frameworks";
				PRODUCT_BUNDLE_IDENTIFIER = Herts.MCGameUITests;
				PRODUCT_NAME = "$(TARGET_NAME)";
				SWIFT_VERSION = 3.0;
				TEST_TARGET_NAME = MCGame;
			};
			name = Debug;
		};
		CA8E9E8C208778C20078460E /* Release */ = {
			isa = XCBuildConfiguration;
			buildSettings = {
				ALWAYS_EMBED_SWIFT_STANDARD_LIBRARIES = YES;
				INFOPLIST_FILE = MCGameUITests/Info.plist;
				LD_RUNPATH_SEARCH_PATHS = "$(inherited) @executable_path/Frameworks @loader_path/Frameworks";
				PRODUCT_BUNDLE_IDENTIFIER = Herts.MCGameUITests;
				PRODUCT_NAME = "$(TARGET_NAME)";
				SWIFT_VERSION = 3.0;
				TEST_TARGET_NAME = MCGame;
			};
			name = Release;
		};
/* End XCBuildConfiguration section */

/* Begin XCConfigurationList section */
		CA8E9E57208778C10078460E /* Build configuration list for PBXProject "MCGame" */ = {
			isa = XCConfigurationList;
			buildConfigurations = (
				CA8E9E82208778C20078460E /* Debug */,
				CA8E9E83208778C20078460E /* Release */,
			);
			defaultConfigurationIsVisible = 0;
			defaultConfigurationName = Release;
		};
		CA8E9E84208778C20078460E /* Build configuration list for PBXNativeTarget "MCGame" */ = {
			isa = XCConfigurationList;
			buildConfigurations = (
				CA8E9E85208778C20078460E /* Debug */,
				CA8E9E86208778C20078460E /* Release */,
			);
			defaultConfigurationIsVisible = 0;
		};
		CA8E9E87208778C20078460E /* Build configuration list for PBXNativeTarget "MCGameTests" */ = {
			isa = XCConfigurationList;
			buildConfigurations = (
				CA8E9E88208778C20078460E /* Debug */,
				CA8E9E89208778C20078460E /* Release */,
			);
			defaultConfigurationIsVisible = 0;
		};
		CA8E9E8A208778C20078460E /* Build configuration list for PBXNativeTarget "MCGameUITests" */ = {
			isa = XCConfigurationList;
			buildConfigurations = (
				CA8E9E8B208778C20078460E /* Debug */,
				CA8E9E8C208778C20078460E /* Release */,
			);
			defaultConfigurationIsVisible = 0;
		};
/* End XCConfigurationList section */
	};
	rootObject = CA8E9E54208778C10078460E /* Project object */;
}
